
Microsoft Visual Studio Solution File, Format Version 11.00
# Visual Studio 2010
Project("{FAE04EC0-301F-11D3-BF4B-00C04F79EFBC}") = "MTBlocksTest", "MTBlocksTest\MTBlocksTest.csproj", "{5980971A-0EA3-497B-AA13-573ACA3E9FF1}"
EndProject
Project("{FAE04EC0-301F-11D3-BF4B-00C04F79EFBC}") = "MTBlockBuilder", "MTBlockBuilder\MTBlockBuilder.csproj", "{A5B636B4-9777-45AF-B711-72048AD8AB9F}"
EndProject
Global
	GlobalSection(SolutionConfigurationPlatforms) = preSolution
		Debug|iPhoneSimulator = Debug|iPhoneSimulator
		Release|iPhoneSimulator = Release|iPhoneSimulator
		Debug|iPhone = Debug|iPhone
		Release|iPhone = Release|iPhone
		Ad-Hoc|iPhone = Ad-Hoc|iPhone
		AppStore|iPhone = AppStore|iPhone
	EndGlobalSection
	GlobalSection(ProjectConfigurationPlatforms) = postSolution
		{5980971A-0EA3-497B-AA13-573ACA3E9FF1}.Ad-Hoc|iPhone.ActiveCfg = Ad-Hoc|iPhone
		{5980971A-0EA3-497B-AA13-573ACA3E9FF1}.Ad-Hoc|iPhone.Build.0 = Ad-Hoc|iPhone
		{5980971A-0EA3-497B-AA13-573ACA3E9FF1}.AppStore|iPhone.ActiveCfg = AppStore|iPhone
		{5980971A-0EA3-497B-AA13-573ACA3E9FF1}.AppStore|iPhone.Build.0 = AppStore|iPhone
		{5980971A-0EA3-497B-AA13-573ACA3E9FF1}.Debug|iPhone.ActiveCfg = Debug|iPhone
		{5980971A-0EA3-497B-AA13-573ACA3E9FF1}.Debug|iPhone.Build.0 = Debug|iPhone
		{5980971A-0EA3-497B-AA13-573ACA3E9FF1}.Debug|iPhoneSimulator.ActiveCfg = Debug|iPhoneSimulator
		{5980971A-0EA3-497B-AA13-573ACA3E9FF1}.Debug|iPhoneSimulator.Build.0 = Debug|iPhoneSimulator
		{5980971A-0EA3-497B-AA13-573ACA3E9FF1}.Release|iPhone.ActiveCfg = Release|iPhone
		{5980971A-0EA3-497B-AA13-573ACA3E9FF1}.Release|iPhone.Build.0 = Release|iPhone
		{5980971A-0EA3-497B-AA13-573ACA3E9FF1}.Release|iPhoneSimulator.ActiveCfg = Release|iPhoneSimulator
		{5980971A-0EA3-497B-AA13-573ACA3E9FF1}.Release|iPhoneSimulator.Build.0 = Release|iPhoneSimulator
		{A5B636B4-9777-45AF-B711-72048AD8AB9F}.Ad-Hoc|iPhone.ActiveCfg = Release|Any CPU
		{A5B636B4-9777-45AF-B711-72048AD8AB9F}.Ad-Hoc|iPhone.Build.0 = Release|Any CPU
		{A5B636B4-9777-45AF-B711-72048AD8AB9F}.AppStore|iPhone.ActiveCfg = Release|Any CPU
		{A5B636B4-9777-45AF-B711-72048AD8AB9F}.AppStore|iPhone.Build.0 = Release|Any CPU
		{A5B636B4-9777-45AF-B711-72048AD8AB9F}.Debug|iPhone.ActiveCfg = Debug|Any CPU
		{A5B636B4-9777-45AF-B711-72048AD8AB9F}.Debug|iPhone.Build.0 = Debug|Any CPU
		{A5B636B4-9777-45AF-B711-72048AD8AB9F}.Debug|iPhoneSimulator.ActiveCfg = Debug|Any CPU
		{A5B636B4-9777-45AF-B711-72048AD8AB9F}.Debug|iPhoneSimulator.Build.0 = Debug|Any CPU
		{A5B636B4-9777-45AF-B711-72048AD8AB9F}.Release|iPhone.ActiveCfg = Release|Any CPU
		{A5B636B4-9777-45AF-B711-72048AD8AB9F}.Release|iPhone.Build.0 = Release|Any CPU
		{A5B636B4-9777-45AF-B711-72048AD8AB9F}.Release|iPhoneSimulator.ActiveCfg = Release|Any CPU
		{A5B636B4-9777-45AF-B711-72048AD8AB9F}.Release|iPhoneSimulator.Build.0 = Release|Any CPU
	EndGlobalSection
	GlobalSection(MonoDevelopProperties) = preSolution
		StartupItem = MTBlocksTest\MTBlocksTest.csproj
	EndGlobalSection
EndGlobal
